
Microsoft Visual Studio Solution File, Format Version 12.00
# Visual Studio Version 17
VisualStudioVersion = 17.7.34202.233
MinimumVisualStudioVersion = 10.0.40219.1
Project("{FAE04EC0-301F-11D3-BF4B-00C04F79EFBC}") = "u3 practica 3", "u3 practica 3.csproj", "{F8B23E62-D510-4B37-9102-CC83F6E5BE3A}"
EndProject
Global
	GlobalSection(SolutionConfigurationPlatforms) = preSolution
		Debug|Any CPU = Debug|Any CPU
		Release|Any CPU = Release|Any CPU
	EndGlobalSection
	GlobalSection(ProjectConfigurationPlatforms) = postSolution
		{F8B23E62-D510-4B37-9102-CC83F6E5BE3A}.Debug|Any CPU.ActiveCfg = Debug|Any CPU
		{F8B23E62-D510-4B37-9102-CC83F6E5BE3A}.Debug|Any CPU.Build.0 = Debug|Any CPU
		{F8B23E62-D510-4B37-9102-CC83F6E5BE3A}.Release|Any CPU.ActiveCfg = Release|Any CPU
		{F8B23E62-D510-4B37-9102-CC83F6E5BE3A}.Release|Any CPU.Build.0 = Release|Any CPU
	EndGlobalSection
	GlobalSection(SolutionProperties) = preSolution
		HideSolutionNode = FALSE
	EndGlobalSection
	GlobalSection(ExtensibilityGlobals) = postSolution
		SolutionGuid = {6F974197-A023-4258-A5A1-885F1FE3789E}
	EndGlobalSection
EndGlobal
